
Microsoft Visual Studio Solution File, Format Version 12.00
# Visual Studio 15
VisualStudioVersion = 15.0.27428.2037
MinimumVisualStudioVersion = 10.0.40219.1
Project("{E24C65DC-7377-472B-9ABA-BC803B73C61A}") = "Luiza", "Luiza\", "{5ED3F5F2-6245-48B2-BC1A-72CC720619C1}"
	ProjectSection(WebsiteProperties) = preProject
		TargetFrameworkMoniker = ".NETFramework,Version%3Dv4.6.1"
		Debug.AspNetCompiler.VirtualPath = "/localhost_51174"
		Debug.AspNetCompiler.PhysicalPath = "Luiza\"
		Debug.AspNetCompiler.TargetPath = "PrecompiledWeb\localhost_51174\"
		Debug.AspNetCompiler.Updateable = "true"
		Debug.AspNetCompiler.ForceOverwrite = "true"
		Debug.AspNetCompiler.FixedNames = "false"
		Debug.AspNetCompiler.Debug = "True"
		Release.AspNetCompiler.VirtualPath = "/localhost_51174"
		Release.AspNetCompiler.PhysicalPath = "Luiza\"
		Release.AspNetCompiler.TargetPath = "PrecompiledWeb\localhost_51174\"
		Release.AspNetCompiler.Updateable = "true"
		Release.AspNetCompiler.ForceOverwrite = "true"
		Release.AspNetCompiler.FixedNames = "false"
		Release.AspNetCompiler.Debug = "False"
		VWDPort = "51174"
		SlnRelativePath = "Luiza\"
		DefaultWebSiteLanguage = "Visual C#"
	EndProjectSection
EndProject
Global
	GlobalSection(SolutionConfigurationPlatforms) = preSolution
		Debug|Any CPU = Debug|Any CPU
	EndGlobalSection
	GlobalSection(ProjectConfigurationPlatforms) = postSolution
		{5ED3F5F2-6245-48B2-BC1A-72CC720619C1}.Debug|Any CPU.ActiveCfg = Debug|Any CPU
		{5ED3F5F2-6245-48B2-BC1A-72CC720619C1}.Debug|Any CPU.Build.0 = Debug|Any CPU
	EndGlobalSection
	GlobalSection(SolutionProperties) = preSolution
		HideSolutionNode = FALSE
	EndGlobalSection
	GlobalSection(ExtensibilityGlobals) = postSolution
		SolutionGuid = {983454A1-49F2-49C9-AB61-53C902DC54E6}
	EndGlobalSection
EndGlobal
